// !$*UTF8*$!
{
	archiveVersion = 1;
	classes = {
	};
	objectVersion = 77;
	objects = {

/* Begin PBXBuildFile section */
		28E1EEC23071F77A00792F0C /* RevenueCat in Frameworks */ = {isa = PBXBuildFile; productRef = 28E1EEC13071F77A00792F0C /* RevenueCat */; };
		28E1EEC43071F77A00792F0C /* RevenueCatUI in Frameworks */ = {isa = PBXBuildFile; productRef = 28E1EEC33071F77A00792F0C /* RevenueCatUI */; };
		28E1EEC83071FEB700792F0C /* Auth in Frameworks */ = {isa = PBXBuildFile; productRef = 28E1EEC73071FEB700792F0C /* Auth */; };
		28E1EECA3071FEB700792F0C /* Functions in Frameworks */ = {isa = PBXBuildFile; productRef = 28E1EEC93071FEB700792F0C /* Functions */; };
		28E1EECC3071FEB700792F0C /* PostgREST in Frameworks */ = {isa = PBXBuildFile; productRef = 28E1EECB3071FEB700792F0C /* PostgREST */; };
		28E1EECE3071FEB700792F0C /* Realtime in Frameworks */ = {isa = PBXBuildFile; productRef = 28E1EECD3071FEB700792F0C /* Realtime */; };
		28E1EED03071FEB700792F0C /* Storage in Frameworks */ = {isa = PBXBuildFile; productRef = 28E1EECF3071FEB700792F0C /* Storage */; };
/* End PBXBuildFile section */

/* Begin PBXContainerItemProxy section */
		28E1EE783071D5CB00792F0C /* PBXContainerItemProxy */ = {
			isa = PBXContainerItemProxy;
			containerPortal = 28E1EE603071D5C800792F0C /* Project object */;
			proxyType = 1;
			remoteGlobalIDString = 28E1EE673071D5C800792F0C;
			remoteInfo = laMyl;
		};
		28E1EE823071D5CB00792F0C /* PBXContainerItemProxy */ = {
			isa = PBXContainerItemProxy;
			containerPortal = 28E1EE603071D5C800792F0C /* Project object */;
			proxyType = 1;
			remoteGlobalIDString = 28E1EE673071D5C800792F0C;
			remoteInfo = laMyl;
		};
/* End PBXContainerItemProxy section */

/* Begin PBXFileReference section */
		28E1EE683071D5C800792F0C /* laMyl.app */ = {isa = PBXFileReference; explicitFileType = wrapper.application; includeInIndex = 0; path = laMyl.app; sourceTree = BUILT_PRODUCTS_DIR; };
		28E1EE773071D5CB00792F0C /* laMylTests.xctest */ = {isa = PBXFileReference; explicitFileType = wrapper.cfbundle; includeInIndex = 0; path = laMylTests.xctest; sourceTree = BUILT_PRODUCTS_DIR; };
		28E1EE813071D5CB00792F0C /* laMylUITests.xctest */ = {isa = PBXFileReference; explicitFileType = wrapper.cfbundle; includeInIndex = 0; path = laMylUITests.xctest; sourceTree = BUILT_PRODUCTS_DIR; };
/* End PBXFileReference section */

/* Begin PBXFileSystemSynchronizedRootGroup section */
		28E1EE6A3071D5C800792F0C /* laMyl */ = {
			isa = PBXFileSystemSynchronizedRootGroup;
			path = laMyl;
			sourceTree = "<group>";
		};
		28E1EE7A3071D5CB00792F0C /* laMylTests */ = {
			isa = PBXFileSystemSynchronizedRootGroup;
			path = laMylTests;
			sourceTree = "<group>";
		};
		28E1EE843071D5CB00792F0C /* laMylUITests */ = {
			isa = PBXFileSystemSynchronizedRootGroup;
			path = laMylUITests;
			sourceTree = "<group>";
		};
/* End PBXFileSystemSynchronizedRootGroup section */

/* Begin PBXFrameworksBuildPhase section */
		28E1EE653071D5C800792F0C /* Frameworks */ = {
			isa = PBXFrameworksBuildPhase;
			buildActionMask = 2147483647;
			files = (
				28E1EEC43071F77A00792F0C /* RevenueCatUI in Frameworks */,
				28E1EEC23071F77A00792F0C /* RevenueCat in Frameworks */,
				28E1EED03071FEB700792F0C /* Storage in Frameworks */,
				28E1EECA3071FEB700792F0C /* Functions in Frameworks */,
				28E1EECE3071FEB700792F0C /* Realtime in Frameworks */,
				28E1EEC83071FEB700792F0C /* Auth in Frameworks */,
				28E1EECC3071FEB700792F0C /* PostgREST in Frameworks */,
			);
			runOnlyForDeploymentPostprocessing = 0;
		};
		28E1EE743071D5CB00792F0C /* Frameworks */ = {
			isa = PBXFrameworksBuildPhase;
			buildActionMask = 2147483647;
			files = (
			);
			runOnlyForDeploymentPostprocessing = 0;
		};
		28E1EE7E3071D5CB00792F0C /* Frameworks */ = {
			isa = PBXFrameworksBuildPhase;
			buildActionMask = 2147483647;
			files = (
			);
			runOnlyForDeploymentPostprocessing = 0;
		};
/* End PBXFrameworksBuildPhase section */

/* Begin PBXGroup section */
		28E1EE5F3071D5C800792F0C = {
			isa = PBXGroup;
			children = (
				28E1EE6A3071D5C800792F0C /* laMyl */,
				28E1EE7A3071D5CB00792F0C /* laMylTests */,
				28E1EE843071D5CB00792F0C /* laMylUITests */,
				28E1EE693071D5C800792F0C /* Products */,
			);
			sourceTree = "<group>";
		};
		28E1EE693071D5C800792F0C /* Products */ = {
			isa = PBXGroup;
			children = (
				28E1EE683071D5C800792F0C /* laMyl.app */,
				28E1EE773071D5CB00792F0C /* laMylTests.xctest */,
				28E1EE813071D5CB00792F0C /* laMylUITests.xctest */,
			);
			name = Products;
			sourceTree = "<group>";
		};
/* End PBXGroup section */

/* Begin PBXNativeTarget section */
		28E1EE673071D5C800792F0C /* laMyl */ = {
			isa = PBXNativeTarget;
			buildConfigurationList = 28E1EE8B3071D5CB00792F0C /* Build configuration list for PBXNativeTarget "laMyl" */;
			buildPhases = (
				28E1EE643071D5C800792F0C /* Sources */,
				28E1EE653071D5C800792F0C /* Frameworks */,
				28E1EE663071D5C800792F0C /* Resources */,
			);
			buildRules = (
			);
			dependencies = (
			);
			fileSystemSynchronizedGroups = (
				28E1EE6A3071D5C800792F0C /* laMyl */,
			);
			name = laMyl;
			packageProductDependencies = (
				28E1EEC13071F77A00792F0C /* RevenueCat */,
				28E1EEC33071F77A00792F0C /* RevenueCatUI */,
				28E1EEC73071FEB700792F0C /* Auth */,
				28E1EEC93071FEB700792F0C /* Functions */,
				28E1EECB3071FEB700792F0C /* PostgREST */,
				28E1EECD3071FEB700792F0C /* Realtime */,
				28E1EECF3071FEB700792F0C /* Storage */,
			);
			productName = laMyl;
			productReference = 28E1EE683071D5C800792F0C /* laMyl.app */;
			productType = "com.apple.product-type.application";
		};
		28E1EE763071D5CB00792F0C /* laMylTests */ = {
			isa = PBXNativeTarget;
			buildConfigurationList = 28E1EE8E3071D5CB00792F0C /* Build configuration list for PBXNativeTarget "laMylTests" */;
			buildPhases = (
				28E1EE733071D5CB00792F0C /* Sources */,
				28E1EE743071D5CB00792F0C /* Frameworks */,
				28E1EE753071D5CB00792F0C /* Resources */,
			);
			buildRules = (
			);
			dependencies = (
				28E1EE793071D5CB00792F0C /* PBXTargetDependency */,
			);
			fileSystemSynchronizedGroups = (
				28E1EE7A3071D5CB00792F0C /* laMylTests */,
			);
			name = laMylTests;
			packageProductDependencies = (
			);
			productName = laMylTests;
			productReference = 28E1EE773071D5CB00792F0C /* laMylTests.xctest */;
			productType = "com.apple.product-type.bundle.unit-test";
		};
		28E1EE803071D5CB00792F0C /* laMylUITests */ = {
			isa = PBXNativeTarget;
			buildConfigurationList = 28E1EE913071D5CB00792F0C /* Build configuration list for PBXNativeTarget "laMylUITests" */;
			buildPhases = (
				28E1EE7D3071D5CB00792F0C /* Sources */,
				28E1EE7E3071D5CB00792F0C /* Frameworks */,
				28E1EE7F3071D5CB00792F0C /* Resources */,
			);
			buildRules = (
			);
			dependencies = (
				28E1EE833071D5CB00792F0C /* PBXTargetDependency */,
			);
			fileSystemSynchronizedGroups = (
				28E1EE843071D5CB00792F0C /* laMylUITests */,
			);
			name = laMylUITests;
			packageProductDependencies = (
			);
			productName = laMylUITests;
			productReference = 28E1EE813071D5CB00792F0C /* laMylUITests.xctest */;
			productType = "com.apple.product-type.bundle.ui-testing";
		};
/* End PBXNativeTarget section */

/* Begin PBXProject section */
		28E1EE603071D5C800792F0C /* Project object */ = {
			isa = PBXProject;
			attributes = {
				BuildIndependentTargetsInParallel = 1;
				LastSwiftUpdateCheck = 2610;
				LastUpgradeCheck = 2610;
				TargetAttributes = {
					28E1EE673071D5C800792F0C = {
						CreatedOnToolsVersion = 26.1;
					};
					28E1EE763071D5CB00792F0C = {
						CreatedOnToolsVersion = 26.1;
						TestTargetID = 28E1EE673071D5C800792F0C;
					};
					28E1EE803071D5CB00792F0C = {
						CreatedOnToolsVersion = 26.1;
						TestTargetID = 28E1EE673071D5C800792F0C;
					};
				};
			};
			buildConfigurationList = 28E1EE633071D5C800792F0C /* Build configuration list for PBXProject "laMyl" */;
			developmentRegion = en;
			hasScannedForEncodings = 0;
			knownRegions = (
				en,
				Base,
			);
			mainGroup = 28E1EE5F3071D5C800792F0C;
			minimizedProjectReferenceProxies = 1;
			packageReferences = (
				28E1EEB83071F16500792F0C /* XCRemoteSwiftPackageReference "supabase-swift" */,
				28E1EEC03071F77A00792F0C /* XCRemoteSwiftPackageReference "purchases-ios-spm" */,
			);
			preferredProjectObjectVersion = 77;
			productRefGroup = 28E1EE693071D5C800792F0C /* Products */;
			projectDirPath = "";
			projectRoot = "";
			targets = (
				28E1EE673071D5C800792F0C /* laMyl */,
				28E1EE763071D5CB00792F0C /* laMylTests */,
				28E1EE803071D5CB00792F0C /* laMylUITests */,
			);
		};
/* End PBXProject section */

/* Begin PBXResourcesBuildPhase section */
		28E1EE663071D5C800792F0C /* Resources */ = {
			isa = PBXResourcesBuildPhase;
			buildActionMask = 2147483647;
			files = (
			);
			runOnlyForDeploymentPostprocessing = 0;
		};
		28E1EE753071D5CB00792F0C /* Resources */ = {
			isa = PBXResourcesBuildPhase;
			buildActionMask = 2147483647;
			files = (
			);
			runOnlyForDeploymentPostprocessing = 0;
		};
		28E1EE7F3071D5CB00792F0C /* Resources */ = {
			isa = PBXResourcesBuildPhase;
			buildActionMask = 2147483647;
			files = (
			);
			runOnlyForDeploymentPostprocessing = 0;
		};
/* End PBXResourcesBuildPhase section */

/* Begin PBXSourcesBuildPhase section */
		28E1EE643071D5C800792F0C /* Sources */ = {
			isa = PBXSourcesBuildPhase;
			buildActionMask = 2147483647;
			files = (
			);
			runOnlyForDeploymentPostprocessing = 0;
		};
		28E1EE733071D5CB00792F0C /* Sources */ = {
			isa = PBXSourcesBuildPhase;
			buildActionMask = 2147483647;
			files = (
			);
			runOnlyForDeploymentPostprocessing = 0;
		};
		28E1EE7D3071D5CB00792F0C /* Sources */ = {
			isa = PBXSourcesBuildPhase;
			buildActionMask = 2147483647;
			files = (
			);
			runOnlyForDeploymentPostprocessing = 0;
		};
/* End PBXSourcesBuildPhase section */

/* Begin PBXTargetDependency section */
		28E1EE793071D5CB00792F0C /* PBXTargetDependency */ = {
			isa = PBXTargetDependency;
			target = 28E1EE673071D5C800792F0C /* laMyl */;
			targetProxy = 28E1EE783071D5CB00792F0C /* PBXContainerItemProxy */;
		};
		28E1EE833071D5CB00792F0C /* PBXTargetDependency */ = {
			isa = PBXTargetDependency;
			target = 28E1EE673071D5C800792F0C /* laMyl */;
			targetProxy = 28E1EE823071D5CB00792F0C /* PBXContainerItemProxy */;
		};
/* End PBXTargetDependency section */

/* Begin XCBuildConfiguration section */
		28E1EE893071D5CB00792F0C /* Debug */ = {
			isa = XCBuildConfiguration;
			buildSettings = {
				ALWAYS_SEARCH_USER_PATHS = NO;
				ASSETCATALOG_COMPILER_GENERATE_SWIFT_ASSET_SYMBOL_EXTENSIONS = YES;
				CLANG_ANALYZER_NONNULL = YES;
				CLANG_ANALYZER_NUMBER_OBJECT_CONVERSION = YES_AGGRESSIVE;
				CLANG_CXX_LANGUAGE_STANDARD = "gnu++20";
				CLANG_ENABLE_MODULES = YES;
				CLANG_ENABLE_OBJC_ARC = YES;
				CLANG_ENABLE_OBJC_WEAK = YES;
				CLANG_WARN_BLOCK_CAPTURE_AUTORELEASING = YES;
				CLANG_WARN_BOOL_CONVERSION = YES;
				CLANG_WARN_COMMA = YES;
				CLANG_WARN_CONSTANT_CONVERSION = YES;
				CLANG_WARN_DEPRECATED_OBJC_IMPLEMENTATIONS = YES;
				CLANG_WARN_DIRECT_OBJC_ISA_USAGE = YES_ERROR;
				CLANG_WARN_DOCUMENTATION_COMMENTS = YES;
				CLANG_WARN_EMPTY_BODY = YES;
				CLANG_WARN_ENUM_CONVERSION = YES;
				CLANG_WARN_INFINITE_RECURSION = YES;
				CLANG_WARN_INT_CONVERSION = YES;
				CLANG_WARN_NON_LITERAL_NULL_CONVERSION = YES;
				CLANG_WARN_OBJC_IMPLICIT_RETAIN_SELF = YES;
				CLANG_WARN_OBJC_LITERAL_CONVERSION = YES;
				CLANG_WARN_OBJC_ROOT_CLASS = YES_ERROR;
				CLANG_WARN_QUOTED_INCLUDE_IN_FRAMEWORK_HEADER = YES;
				CLANG_WARN_RANGE_LOOP_ANALYSIS = YES;
				CLANG_WARN_STRICT_PROTOTYPES = YES;
				CLANG_WARN_SUSPICIOUS_MOVE = YES;
				CLANG_WARN_UNGUARDED_AVAILABILITY = YES_AGGRESSIVE;
				CLANG_WARN_UNREACHABLE_CODE = YES;
				CLANG_WARN__DUPLICATE_METHOD_MATCH = YES;
				COPY_PHASE_STRIP = NO;
				DEBUG_INFORMATION_FORMAT = dwarf;
				DEVELOPMENT_TEAM = MHV7QJ2F4H;
				ENABLE_STRICT_OBJC_MSGSEND = YES;
				ENABLE_TESTABILITY = YES;
				ENABLE_USER_SCRIPT_SANDBOXING = YES;
				GCC_C_LANGUAGE_STANDARD = gnu17;
				GCC_DYNAMIC_NO_PIC = NO;
				GCC_NO_COMMON_BLOCKS = YES;
				GCC_OPTIMIZATION_LEVEL = 0;
				GCC_PREPROCESSOR_DEFINITIONS = (
					"DEBUG=1",
					"$(inherited)",
				);
				GCC_WARN_64_TO_32_BIT_CONVERSION = YES;
				GCC_WARN_ABOUT_RETURN_TYPE = YES_ERROR;
				GCC_WARN_UNDECLARED_SELECTOR = YES;
				GCC_WARN_UNINITIALIZED_AUTOS = YES_AGGRESSIVE;
				GCC_WARN_UNUSED_FUNCTION = YES;
				GCC_WARN_UNUSED_VARIABLE = YES;
				LOCALIZATION_PREFERS_STRING_CATALOGS = YES;
				MACOSX_DEPLOYMENT_TARGET = 26.1;
				MTL_ENABLE_DEBUG_INFO = INCLUDE_SOURCE;
				MTL_FAST_MATH = YES;
				ONLY_ACTIVE_ARCH = YES;
				SDKROOT = macosx;
				SWIFT_ACTIVE_COMPILATION_CONDITIONS = "DEBUG $(inherited)";
				SWIFT_OPTIMIZATION_LEVEL = "-Onone";
			};
			name = Debug;
		};
		28E1EE8A3071D5CB00792F0C /* Release */ = {
			isa = XCBuildConfiguration;
			buildSettings = {
				ALWAYS_SEARCH_USER_PATHS = NO;
				ASSETCATALOG_COMPILER_GENERATE_SWIFT_ASSET_SYMBOL_EXTENSIONS = YES;
				CLANG_ANALYZER_NONNULL = YES;
				CLANG_ANALYZER_NUMBER_OBJECT_CONVERSION = YES_AGGRESSIVE;
				CLANG_CXX_LANGUAGE_STANDARD = "gnu++20";
				CLANG_ENABLE_MODULES = YES;
				CLANG_ENABLE_OBJC_ARC = YES;
				CLANG_ENABLE_OBJC_WEAK = YES;
				CLANG_WARN_BLOCK_CAPTURE_AUTORELEASING = YES;
				CLANG_WARN_BOOL_CONVERSION = YES;
				CLANG_WARN_COMMA = YES;
				CLANG_WARN_CONSTANT_CONVERSION = YES;
				CLANG_WARN_DEPRECATED_OBJC_IMPLEMENTATIONS = YES;
				CLANG_WARN_DIRECT_OBJC_ISA_USAGE = YES_ERROR;
				CLANG_WARN_DOCUMENTATION_COMMENTS = YES;
				CLANG_WARN_EMPTY_BODY = YES;
				CLANG_WARN_ENUM_CONVERSION = YES;
				CLANG_WARN_INFINITE_RECURSION = YES;
				CLANG_WARN_INT_CONVERSION = YES;
				CLANG_WARN_NON_LITERAL_NULL_CONVERSION = YES;
				CLANG_WARN_OBJC_IMPLICIT_RETAIN_SELF = YES;
				CLANG_WARN_OBJC_LITERAL_CONVERSION = YES;
				CLANG_WARN_OBJC_ROOT_CLASS = YES_ERROR;
				CLANG_WARN_QUOTED_INCLUDE_IN_FRAMEWORK_HEADER = YES;
				CLANG_WARN_RANGE_LOOP_ANALYSIS = YES;
				CLANG_WARN_STRICT_PROTOTYPES = YES;
				CLANG_WARN_SUSPICIOUS_MOVE = YES;
				CLANG_WARN_UNGUARDED_AVAILABILITY = YES_AGGRESSIVE;
				CLANG_WARN_UNREACHABLE_CODE = YES;
				CLANG_WARN__DUPLICATE_METHOD_MATCH = YES;
				COPY_PHASE_STRIP = NO;
				DEBUG_INFORMATION_FORMAT = "dwarf-with-dsym";
				DEVELOPMENT_TEAM = MHV7QJ2F4H;
				ENABLE_NS_ASSERTIONS = NO;
				ENABLE_STRICT_OBJC_MSGSEND = YES;
				ENABLE_USER_SCRIPT_SANDBOXING = YES;
				GCC_C_LANGUAGE_STANDARD = gnu17;
				GCC_NO_COMMON_BLOCKS = YES;
				GCC_WARN_64_TO_32_BIT_CONVERSION = YES;
				GCC_WARN_ABOUT_RETURN_TYPE = YES_ERROR;
				GCC_WARN_UNDECLARED_SELECTOR = YES;
				GCC_WARN_UNINITIALIZED_AUTOS = YES_AGGRESSIVE;
				GCC_WARN_UNUSED_FUNCTION = YES;
				GCC_WARN_UNUSED_VARIABLE = YES;
				LOCALIZATION_PREFERS_STRING_CATALOGS = YES;
				MACOSX_DEPLOYMENT_TARGET = 26.1;
				MTL_ENABLE_DEBUG_INFO = NO;
				MTL_FAST_MATH = YES;
				SDKROOT = macosx;
				SWIFT_COMPILATION_MODE = wholemodule;
			};
			name = Release;
		};
		28E1EE8C3071D5CB00792F0C /* Debug */ = {
			isa = XCBuildConfiguration;
			buildSettings = {
				ASSETCATALOG_COMPILER_APPICON_NAME = AppIcon;
				ASSETCATALOG_COMPILER_GLOBAL_ACCENT_COLOR_NAME = AccentColor;
				CODE_SIGN_STYLE = Automatic;
				COMBINE_HIDPI_IMAGES = YES;
				CURRENT_PROJECT_VERSION = 1;
				DEVELOPMENT_TEAM = MHV7QJ2F4H;
				ENABLE_APP_SANDBOX = NO;
				ENABLE_HARDENED_RUNTIME = YES;
				ENABLE_PREVIEWS = YES;
				GENERATE_INFOPLIST_FILE = YES;
				INFOPLIST_KEY_NSHumanReadableCopyright = "";
				LD_RUNPATH_SEARCH_PATHS = (
					"$(inherited)",
					"@executable_path/../Frameworks",
				);
				MARKETING_VERSION = 1.0;
				PRODUCT_BUNDLE_IDENTIFIER = io.lamyl.app.laMyl;
				PRODUCT_NAME = "$(TARGET_NAME)";
				REGISTER_APP_GROUPS = YES;
				STRING_CATALOG_GENERATE_SYMBOLS = YES;
				SWIFT_APPROACHABLE_CONCURRENCY = YES;
				SWIFT_DEFAULT_ACTOR_ISOLATION = MainActor;
				SWIFT_EMIT_LOC_STRINGS = YES;
				SWIFT_UPCOMING_FEATURE_MEMBER_IMPORT_VISIBILITY = YES;
				SWIFT_VERSION = 5.0;
			};
			name = Debug;
		};
		28E1EE8D3071D5CB00792F0C /* Release */ = {
			isa = XCBuildConfiguration;
			buildSettings = {
				ASSETCATALOG_COMPILER_APPICON_NAME = AppIcon;
				ASSETCATALOG_COMPILER_GLOBAL_ACCENT_COLOR_NAME = AccentColor;
				CODE_SIGN_STYLE = Automatic;
				COMBINE_HIDPI_IMAGES = YES;
				CURRENT_PROJECT_VERSION = 1;
				DEVELOPMENT_TEAM = MHV7QJ2F4H;
				ENABLE_APP_SANDBOX = NO;
				ENABLE_HARDENED_RUNTIME = YES;
				ENABLE_PREVIEWS = YES;
				GENERATE_INFOPLIST_FILE = YES;
				INFOPLIST_KEY_NSHumanReadableCopyright = "";
				LD_RUNPATH_SEARCH_PATHS = (
					"$(inherited)",
					"@executable_path/../Frameworks",
				);
				MARKETING_VERSION = 1.0;
				PRODUCT_BUNDLE_IDENTIFIER = io.lamyl.app.laMyl;
				PRODUCT_NAME = "$(TARGET_NAME)";
				REGISTER_APP_GROUPS = YES;
				STRING_CATALOG_GENERATE_SYMBOLS = YES;
				SWIFT_APPROACHABLE_CONCURRENCY = YES;
				SWIFT_DEFAULT_ACTOR_ISOLATION = MainActor;
				SWIFT_EMIT_LOC_STRINGS = YES;
				SWIFT_UPCOMING_FEATURE_MEMBER_IMPORT_VISIBILITY = YES;
				SWIFT_VERSION = 5.0;
			};
			name = Release;
		};
		28E1EE8F3071D5CB00792F0C /* Debug */ = {
			isa = XCBuildConfiguration;
			buildSettings = {
				BUNDLE_LOADER = "$(TEST_HOST)";
				CODE_SIGN_STYLE = Automatic;
				CURRENT_PROJECT_VERSION = 1;
				DEVELOPMENT_TEAM = MHV7QJ2F4H;
				GENERATE_INFOPLIST_FILE = YES;
				MACOSX_DEPLOYMENT_TARGET = 26.1;
				MARKETING_VERSION = 1.0;
				PRODUCT_BUNDLE_IDENTIFIER = io.lamyl.app.laMylTests;
				PRODUCT_NAME = "$(TARGET_NAME)";
				STRING_CATALOG_GENERATE_SYMBOLS = NO;
				SWIFT_APPROACHABLE_CONCURRENCY = YES;
				SWIFT_EMIT_LOC_STRINGS = NO;
				SWIFT_UPCOMING_FEATURE_MEMBER_IMPORT_VISIBILITY = YES;
				SWIFT_VERSION = 5.0;
				TEST_HOST = "$(BUILT_PRODUCTS_DIR)/laMyl.app/$(BUNDLE_EXECUTABLE_FOLDER_PATH)/laMyl";
			};
			name = Debug;
		};
		28E1EE903071D5CB00792F0C /* Release */ = {
			isa = XCBuildConfiguration;
			buildSettings = {
				BUNDLE_LOADER = "$(TEST_HOST)";
				CODE_SIGN_STYLE = Automatic;
				CURRENT_PROJECT_VERSION = 1;
				DEVELOPMENT_TEAM = MHV7QJ2F4H;
				GENERATE_INFOPLIST_FILE = YES;
				MACOSX_DEPLOYMENT_TARGET = 26.1;
				MARKETING_VERSION = 1.0;
				PRODUCT_BUNDLE_IDENTIFIER = io.lamyl.app.laMylTests;
				PRODUCT_NAME = "$(TARGET_NAME)";
				STRING_CATALOG_GENERATE_SYMBOLS = NO;
				SWIFT_APPROACHABLE_CONCURRENCY = YES;
				SWIFT_EMIT_LOC_STRINGS = NO;
				SWIFT_UPCOMING_FEATURE_MEMBER_IMPORT_VISIBILITY = YES;
				SWIFT_VERSION = 5.0;
				TEST_HOST = "$(BUILT_PRODUCTS_DIR)/laMyl.app/$(BUNDLE_EXECUTABLE_FOLDER_PATH)/laMyl";
			};
			name = Release;
		};
		28E1EE923071D5CB00792F0C /* Debug */ = {
			isa = XCBuildConfiguration;
			buildSettings = {
				CODE_SIGN_STYLE = Automatic;
				CURRENT_PROJECT_VERSION = 1;
				DEVELOPMENT_TEAM = MHV7QJ2F4H;
				GENERATE_INFOPLIST_FILE = YES;
				MARKETING_VERSION = 1.0;
				PRODUCT_BUNDLE_IDENTIFIER = io.lamyl.app.laMylUITests;
				PRODUCT_NAME = "$(TARGET_NAME)";
				STRING_CATALOG_GENERATE_SYMBOLS = NO;
				SWIFT_APPROACHABLE_CONCURRENCY = YES;
				SWIFT_EMIT_LOC_STRINGS = NO;
				SWIFT_UPCOMING_FEATURE_MEMBER_IMPORT_VISIBILITY = YES;
				SWIFT_VERSION = 5.0;
				TEST_TARGET_NAME = laMyl;
			};
			name = Debug;
		};
		28E1EE933071D5CB00792F0C /* Release */ = {
			isa = XCBuildConfiguration;
			buildSettings = {
				CODE_SIGN_STYLE = Automatic;
				CURRENT_PROJECT_VERSION = 1;
				DEVELOPMENT_TEAM = MHV7QJ2F4H;
				GENERATE_INFOPLIST_FILE = YES;
				MARKETING_VERSION = 1.0;
				PRODUCT_BUNDLE_IDENTIFIER = io.lamyl.app.laMylUITests;
				PRODUCT_NAME = "$(TARGET_NAME)";
				STRING_CATALOG_GENERATE_SYMBOLS = NO;
				SWIFT_APPROACHABLE_CONCURRENCY = YES;
				SWIFT_EMIT_LOC_STRINGS = NO;
				SWIFT_UPCOMING_FEATURE_MEMBER_IMPORT_VISIBILITY = YES;
				SWIFT_VERSION = 5.0;
				TEST_TARGET_NAME = laMyl;
			};
			name = Release;
		};
/* End XCBuildConfiguration section */

/* Begin XCConfigurationList section */
		28E1EE633071D5C800792F0C /* Build configuration list for PBXProject "laMyl" */ = {
			isa = XCConfigurationList;
			buildConfigurations = (
				28E1EE893071D5CB00792F0C /* Debug */,
				28E1EE8A3071D5CB00792F0C /* Release */,
			);
			defaultConfigurationIsVisible = 0;
			defaultConfigurationName = Release;
		};
		28E1EE8B3071D5CB00792F0C /* Build configuration list for PBXNativeTarget "laMyl" */ = {
			isa = XCConfigurationList;
			buildConfigurations = (
				28E1EE8C3071D5CB00792F0C /* Debug */,
				28E1EE8D3071D5CB00792F0C /* Release */,
			);
			defaultConfigurationIsVisible = 0;
			defaultConfigurationName = Release;
		};
		28E1EE8E3071D5CB00792F0C /* Build configuration list for PBXNativeTarget "laMylTests" */ = {
			isa = XCConfigurationList;
			buildConfigurations = (
				28E1EE8F3071D5CB00792F0C /* Debug */,
				28E1EE903071D5CB00792F0C /* Release */,
			);
			defaultConfigurationIsVisible = 0;
			defaultConfigurationName = Release;
		};
		28E1EE913071D5CB00792F0C /* Build configuration list for PBXNativeTarget "laMylUITests" */ = {
			isa = XCConfigurationList;
			buildConfigurations = (
				28E1EE923071D5CB00792F0C /* Debug */,
				28E1EE933071D5CB00792F0C /* Release */,
			);
			defaultConfigurationIsVisible = 0;
			defaultConfigurationName = Release;
		};
/* End XCConfigurationList section */

/* Begin XCRemoteSwiftPackageReference section */
		28E1EEB83071F16500792F0C /* XCRemoteSwiftPackageReference "supabase-swift" */ = {
			isa = XCRemoteSwiftPackageReference;
			repositoryURL = "https://github.com/supabase/supabase-swift";
			requirement = {
				kind = upToNextMajorVersion;
				minimumVersion = 2.5.1;
			};
		};
		28E1EEC03071F77A00792F0C /* XCRemoteSwiftPackageReference "purchases-ios-spm" */ = {
			isa = XCRemoteSwiftPackageReference;
			repositoryURL = "https://github.com/RevenueCat/purchases-ios-spm.git";
			requirement = {
				kind = upToNextMajorVersion;
				minimumVersion = 5.92.0;
			};
		};
/* End XCRemoteSwiftPackageReference section */

/* Begin XCSwiftPackageProductDependency section */
		28E1EEC13071F77A00792F0C /* RevenueCat */ = {
			isa = XCSwiftPackageProductDependency;
			package = 28E1EEC03071F77A00792F0C /* XCRemoteSwiftPackageReference "purchases-ios-spm" */;
			productName = RevenueCat;
		};
		28E1EEC33071F77A00792F0C /* RevenueCatUI */ = {
			isa = XCSwiftPackageProductDependency;
			package = 28E1EEC03071F77A00792F0C /* XCRemoteSwiftPackageReference "purchases-ios-spm" */;
			productName = RevenueCatUI;
		};
		28E1EEC73071FEB700792F0C /* Auth */ = {
			isa = XCSwiftPackageProductDependency;
			productName = Auth;
		};
		28E1EEC93071FEB700792F0C /* Functions */ = {
			isa = XCSwiftPackageProductDependency;
			productName = Functions;
		};
		28E1EECB3071FEB700792F0C /* PostgREST */ = {
			isa = XCSwiftPackageProductDependency;
			productName = PostgREST;
		};
		28E1EECD3071FEB700792F0C /* Realtime */ = {
			isa = XCSwiftPackageProductDependency;
			productName = Realtime;
		};
		28E1EECF3071FEB700792F0C /* Storage */ = {
			isa = XCSwiftPackageProductDependency;
			productName = Storage;
		};
/* End XCSwiftPackageProductDependency section */
	};
	rootObject = 28E1EE603071D5C800792F0C /* Project object */;
}
